
Microsoft Visual Studio Solution File, Format Version 12.00
# Visual Studio Version 17
VisualStudioVersion = 17.3.32825.248
MinimumVisualStudioVersion = 10.0.40219.1
Project("{2150E333-8FDC-42A3-9474-1A3956D46DE8}") = "core", "core", "{C8000E0B-5BC4-4D3C-A591-D8A039C0F490}"
EndProject
Project("{2150E333-8FDC-42A3-9474-1A3956D46DE8}") = "services", "services", "{20F534FE-1C0F-4F72-BB98-E555DC75D8D7}"
EndProject
Project("{2150E333-8FDC-42A3-9474-1A3956D46DE8}") = "Order", "Order", "{96BD99DE-D2D8-42D8-AE46-681F3647F554}"
EndProject
Project("{2150E333-8FDC-42A3-9474-1A3956D46DE8}") = "Stock", "Stock", "{20A47BD9-42D5-4886-86BD-9663AD4B5121}"
EndProject
Project("{9A19103F-16F7-4668-BE54-9A1E7A4F7556}") = "Core.Domain", "src\core\Core.Domain\Core.Domain.csproj", "{591AE9A6-DF1E-49C8-BD6F-9F69395142AC}"
EndProject
Project("{9A19103F-16F7-4668-BE54-9A1E7A4F7556}") = "Core.Application", "src\core\Core.Application\Core.Application.csproj", "{1E12D551-AAAD-4AC7-AB8F-BC1F5D1DEBAB}"
EndProject
Project("{9A19103F-16F7-4668-BE54-9A1E7A4F7556}") = "Core.Infrastructure", "src\core\Core.Infrastructure\Core.Infrastructure.csproj", "{80B1ECCC-6EC2-4A65-AEDB-FB0BD40D2323}"
EndProject
Project("{9A19103F-16F7-4668-BE54-9A1E7A4F7556}") = "Messages", "src\core\Messages\Messages.csproj", "{3A4ABE98-17C1-4A9F-B962-66061932023D}"
EndProject
Project("{9A19103F-16F7-4668-BE54-9A1E7A4F7556}") = "Order.API", "src\services\Order\Order.API\Order.API.csproj", "{B93E7398-0F1D-410A-AAB2-E8B58F401C6D}"
EndProject
Project("{9A19103F-16F7-4668-BE54-9A1E7A4F7556}") = "Order.Application", "src\services\Order\Order.Application\Order.Application.csproj", "{BB6E49A9-68C8-4034-86D6-D8ED4688B775}"
EndProject
Project("{9A19103F-16F7-4668-BE54-9A1E7A4F7556}") = "Order.Domain", "src\services\Order\Order.Domain\Order.Domain.csproj", "{9462CF19-8F92-4B8B-A022-A7ECBA1D2E21}"
EndProject
Project("{9A19103F-16F7-4668-BE54-9A1E7A4F7556}") = "Order.Infrastructure", "src\services\Order\Order.Infrastructure\Order.Infrastructure.csproj", "{F68D91D5-F297-4219-BF09-40EAAB6BC9C4}"
EndProject
Project("{9A19103F-16F7-4668-BE54-9A1E7A4F7556}") = "Stock.API", "src\services\Stock\Stock.API\Stock.API.csproj", "{D0226B1B-0F67-4710-94C7-4CAAD6A412B5}"
EndProject
Project("{2150E333-8FDC-42A3-9474-1A3956D46DE8}") = "Report", "Report", "{C053D350-3FF0-480A-9CD4-09A7AF14E01F}"
EndProject
Project("{9A19103F-16F7-4668-BE54-9A1E7A4F7556}") = "Report.API", "src\services\Report\Report.API\Report.API.csproj", "{CE9B4221-73AF-4B5E-926A-135D91C877EC}"
EndProject
Project("{9A19103F-16F7-4668-BE54-9A1E7A4F7556}") = "Stock.Infrastructure", "src\services\Stock\Stock.Infrastructure\Stock.Infrastructure.csproj", "{4048250A-174E-4269-8649-CAE8E2674FE9}"
EndProject
Project("{E53339B2-1760-4266-BCC7-CA923CBCF16C}") = "docker-compose", "docker-compose.dcproj", "{BA6F39FC-D722-4955-B6C6-BD41B0BB6150}"
EndProject
Global
	GlobalSection(SolutionConfigurationPlatforms) = preSolution
		Debug|Any CPU = Debug|Any CPU
		Release|Any CPU = Release|Any CPU
	EndGlobalSection
	GlobalSection(ProjectConfigurationPlatforms) = postSolution
		{591AE9A6-DF1E-49C8-BD6F-9F69395142AC}.Debug|Any CPU.ActiveCfg = Debug|Any CPU
		{591AE9A6-DF1E-49C8-BD6F-9F69395142AC}.Debug|Any CPU.Build.0 = Debug|Any CPU
		{591AE9A6-DF1E-49C8-BD6F-9F69395142AC}.Release|Any CPU.ActiveCfg = Release|Any CPU
		{591AE9A6-DF1E-49C8-BD6F-9F69395142AC}.Release|Any CPU.Build.0 = Release|Any CPU
		{1E12D551-AAAD-4AC7-AB8F-BC1F5D1DEBAB}.Debug|Any CPU.ActiveCfg = Debug|Any CPU
		{1E12D551-AAAD-4AC7-AB8F-BC1F5D1DEBAB}.Debug|Any CPU.Build.0 = Debug|Any CPU
		{1E12D551-AAAD-4AC7-AB8F-BC1F5D1DEBAB}.Release|Any CPU.ActiveCfg = Release|Any CPU
		{1E12D551-AAAD-4AC7-AB8F-BC1F5D1DEBAB}.Release|Any CPU.Build.0 = Release|Any CPU
		{80B1ECCC-6EC2-4A65-AEDB-FB0BD40D2323}.Debug|Any CPU.ActiveCfg = Debug|Any CPU
		{80B1ECCC-6EC2-4A65-AEDB-FB0BD40D2323}.Debug|Any CPU.Build.0 = Debug|Any CPU
		{80B1ECCC-6EC2-4A65-AEDB-FB0BD40D2323}.Release|Any CPU.ActiveCfg = Release|Any CPU
		{80B1ECCC-6EC2-4A65-AEDB-FB0BD40D2323}.Release|Any CPU.Build.0 = Release|Any CPU
		{3A4ABE98-17C1-4A9F-B962-66061932023D}.Debug|Any CPU.ActiveCfg = Debug|Any CPU
		{3A4ABE98-17C1-4A9F-B962-66061932023D}.Debug|Any CPU.Build.0 = Debug|Any CPU
		{3A4ABE98-17C1-4A9F-B962-66061932023D}.Release|Any CPU.ActiveCfg = Release|Any CPU
		{3A4ABE98-17C1-4A9F-B962-66061932023D}.Release|Any CPU.Build.0 = Release|Any CPU
		{B93E7398-0F1D-410A-AAB2-E8B58F401C6D}.Debug|Any CPU.ActiveCfg = Debug|Any CPU
		{B93E7398-0F1D-410A-AAB2-E8B58F401C6D}.Debug|Any CPU.Build.0 = Debug|Any CPU
		{B93E7398-0F1D-410A-AAB2-E8B58F401C6D}.Release|Any CPU.ActiveCfg = Release|Any CPU
		{B93E7398-0F1D-410A-AAB2-E8B58F401C6D}.Release|Any CPU.Build.0 = Release|Any CPU
		{BB6E49A9-68C8-4034-86D6-D8ED4688B775}.Debug|Any CPU.ActiveCfg = Debug|Any CPU
		{BB6E49A9-68C8-4034-86D6-D8ED4688B775}.Debug|Any CPU.Build.0 = Debug|Any CPU
		{BB6E49A9-68C8-4034-86D6-D8ED4688B775}.Release|Any CPU.ActiveCfg = Release|Any CPU
		{BB6E49A9-68C8-4034-86D6-D8ED4688B775}.Release|Any CPU.Build.0 = Release|Any CPU
		{9462CF19-8F92-4B8B-A022-A7ECBA1D2E21}.Debug|Any CPU.ActiveCfg = Debug|Any CPU
		{9462CF19-8F92-4B8B-A022-A7ECBA1D2E21}.Debug|Any CPU.Build.0 = Debug|Any CPU
		{9462CF19-8F92-4B8B-A022-A7ECBA1D2E21}.Release|Any CPU.ActiveCfg = Release|Any CPU
		{9462CF19-8F92-4B8B-A022-A7ECBA1D2E21}.Release|Any CPU.Build.0 = Release|Any CPU
		{F68D91D5-F297-4219-BF09-40EAAB6BC9C4}.Debug|Any CPU.ActiveCfg = Debug|Any CPU
		{F68D91D5-F297-4219-BF09-40EAAB6BC9C4}.Debug|Any CPU.Build.0 = Debug|Any CPU
		{F68D91D5-F297-4219-BF09-40EAAB6BC9C4}.Release|Any CPU.ActiveCfg = Release|Any CPU
		{F68D91D5-F297-4219-BF09-40EAAB6BC9C4}.Release|Any CPU.Build.0 = Release|Any CPU
		{D0226B1B-0F67-4710-94C7-4CAAD6A412B5}.Debug|Any CPU.ActiveCfg = Debug|Any CPU
		{D0226B1B-0F67-4710-94C7-4CAAD6A412B5}.Debug|Any CPU.Build.0 = Debug|Any CPU
		{D0226B1B-0F67-4710-94C7-4CAAD6A412B5}.Release|Any CPU.ActiveCfg = Release|Any CPU
		{D0226B1B-0F67-4710-94C7-4CAAD6A412B5}.Release|Any CPU.Build.0 = Release|Any CPU
		{CE9B4221-73AF-4B5E-926A-135D91C877EC}.Debug|Any CPU.ActiveCfg = Debug|Any CPU
		{CE9B4221-73AF-4B5E-926A-135D91C877EC}.Debug|Any CPU.Build.0 = Debug|Any CPU
		{CE9B4221-73AF-4B5E-926A-135D91C877EC}.Release|Any CPU.ActiveCfg = Release|Any CPU
		{CE9B4221-73AF-4B5E-926A-135D91C877EC}.Release|Any CPU.Build.0 = Release|Any CPU
		{4048250A-174E-4269-8649-CAE8E2674FE9}.Debug|Any CPU.ActiveCfg = Debug|Any CPU
		{4048250A-174E-4269-8649-CAE8E2674FE9}.Debug|Any CPU.Build.0 = Debug|Any CPU
		{4048250A-174E-4269-8649-CAE8E2674FE9}.Release|Any CPU.ActiveCfg = Release|Any CPU
		{4048250A-174E-4269-8649-CAE8E2674FE9}.Release|Any CPU.Build.0 = Release|Any CPU
		{BA6F39FC-D722-4955-B6C6-BD41B0BB6150}.Debug|Any CPU.ActiveCfg = Debug|Any CPU
		{BA6F39FC-D722-4955-B6C6-BD41B0BB6150}.Debug|Any CPU.Build.0 = Debug|Any CPU
		{BA6F39FC-D722-4955-B6C6-BD41B0BB6150}.Release|Any CPU.ActiveCfg = Release|Any CPU
		{BA6F39FC-D722-4955-B6C6-BD41B0BB6150}.Release|Any CPU.Build.0 = Release|Any CPU
	EndGlobalSection
	GlobalSection(SolutionProperties) = preSolution
		HideSolutionNode = FALSE
	EndGlobalSection
	GlobalSection(NestedProjects) = preSolution
		{96BD99DE-D2D8-42D8-AE46-681F3647F554} = {20F534FE-1C0F-4F72-BB98-E555DC75D8D7}
		{20A47BD9-42D5-4886-86BD-9663AD4B5121} = {20F534FE-1C0F-4F72-BB98-E555DC75D8D7}
		{591AE9A6-DF1E-49C8-BD6F-9F69395142AC} = {C8000E0B-5BC4-4D3C-A591-D8A039C0F490}
		{1E12D551-AAAD-4AC7-AB8F-BC1F5D1DEBAB} = {C8000E0B-5BC4-4D3C-A591-D8A039C0F490}
		{80B1ECCC-6EC2-4A65-AEDB-FB0BD40D2323} = {C8000E0B-5BC4-4D3C-A591-D8A039C0F490}
		{3A4ABE98-17C1-4A9F-B962-66061932023D} = {C8000E0B-5BC4-4D3C-A591-D8A039C0F490}
		{B93E7398-0F1D-410A-AAB2-E8B58F401C6D} = {96BD99DE-D2D8-42D8-AE46-681F3647F554}
		{BB6E49A9-68C8-4034-86D6-D8ED4688B775} = {96BD99DE-D2D8-42D8-AE46-681F3647F554}
		{9462CF19-8F92-4B8B-A022-A7ECBA1D2E21} = {96BD99DE-D2D8-42D8-AE46-681F3647F554}
		{F68D91D5-F297-4219-BF09-40EAAB6BC9C4} = {96BD99DE-D2D8-42D8-AE46-681F3647F554}
		{D0226B1B-0F67-4710-94C7-4CAAD6A412B5} = {20A47BD9-42D5-4886-86BD-9663AD4B5121}
		{C053D350-3FF0-480A-9CD4-09A7AF14E01F} = {20F534FE-1C0F-4F72-BB98-E555DC75D8D7}
		{CE9B4221-73AF-4B5E-926A-135D91C877EC} = {C053D350-3FF0-480A-9CD4-09A7AF14E01F}
		{4048250A-174E-4269-8649-CAE8E2674FE9} = {20A47BD9-42D5-4886-86BD-9663AD4B5121}
	EndGlobalSection
	GlobalSection(ExtensibilityGlobals) = postSolution
		SolutionGuid = {44BA373A-F97E-454C-AC9A-21B163CEBE93}
	EndGlobalSection
EndGlobal
